{
  "name": "curio-shared",
  "version": "0.0.1",
  "lockfileVersion": 3,
  "requires": true,
  "packages": {
    "": {
      "name": "curio-shared",
      "version": "0.0.1",
      "dependencies": {
        "zod": "^3.24.2",
        "zod-openapi": "^4.2.3"
      },
      "devDependencies": {
        "@types/mailparser": "^3.4.5"
      }
    },
    "node_modules/@types/mailparser": {
      "version": "3.4.5",
      "resolved": "https://registry.npmjs.org/@types/mailparser/-/mailparser-3.4.5.tgz",
      "integrity": "sha512-EPERBp7fLeFZh7tS2X36MF7jawUx3Y6/0rXciZah3CTYgwLi3e0kpGUJ6FOmUabgzis/U1g+3/JzrVWbWIOGjg==",
      "dev": true,
      "license": "MIT",
      "dependencies": {
        "@types/node": "*",
        "iconv-lite": "^0.6.3"
      }
    },
    "node_modules/@types/node": {
      "version": "22.14.0",
      "resolved": "https://registry.npmjs.org/@types/node/-/node-22.14.0.tgz",
      "integrity": "sha512-Kmpl+z84ILoG+3T/zQFyAJsU6EPTmOCj8/2+83fSN6djd6I4o7uOuGIH6vq3PrjY5BGitSbFuMN18j3iknubbA==",
      "dev": true,
      "license": "MIT",
      "dependencies": {
        "undici-types": "~6.21.0"
      }
    },
    "node_modules/iconv-lite": {
      "version": "0.6.3",
      "resolved": "https://registry.npmjs.org/iconv-lite/-/iconv-lite-0.6.3.tgz",
      "integrity": "sha512-4fCk79wshMdzMp2rH06qWrJE4iolqLhCUH+OiuIgU++RB0+94NlDL81atO7GX55uUKueo0txHNtvEyI6D7WdMw==",
      "dev": true,
      "license": "MIT",
      "dependencies": {
        "safer-buffer": ">= 2.1.2 < 3.0.0"
      },
      "engines": {
        "node": ">=0.10.0"
      }
    },
    "node_modules/safer-buffer": {
      "version": "2.1.2",
      "resolved": "https://registry.npmjs.org/safer-buffer/-/safer-buffer-2.1.2.tgz",
      "integrity": "sha512-YZo3K82SD7Riyi0E1EQPojLz7kpepnSQI9IyPbHHg1XXXevb5dJI7tpyN2ADxGcQbHG7vcyRHk0cbwqcQriUtg==",
      "dev": true,
      "license": "MIT"
    },
    "node_modules/undici-types": {
      "version": "6.21.0",
      "resolved": "https://registry.npmjs.org/undici-types/-/undici-types-6.21.0.tgz",
      "integrity": "sha512-iwDZqg0QAGrg9Rav5H4n0M64c3mkR59cJ6wQp+7C4nI0gsmExaedaYLNO44eT4AtBBwjbTiGPMlt2Md0T9H9JQ==",
      "dev": true,
      "license": "MIT"
    },
    "node_modules/zod": {
      "version": "3.24.2",
      "resolved": "https://registry.npmjs.org/zod/-/zod-3.24.2.tgz",
      "integrity": "sha512-lY7CDW43ECgW9u1TcT3IoXHflywfVqDYze4waEz812jR/bZ8FHDsl7pFQoSZTz5N+2NqRXs8GBwnAwo3ZNxqhQ==",
      "license": "MIT",
      "funding": {
        "url": "https://github.com/sponsors/colinhacks"
      }
    },
    "node_modules/zod-openapi": {
      "version": "4.2.4",
      "resolved": "https://registry.npmjs.org/zod-openapi/-/zod-openapi-4.2.4.tgz",
      "integrity": "sha512-tsrQpbpqFCXqVXUzi3TPwFhuMtLN3oNZobOtYnK6/5VkXsNdnIgyNr4r8no4wmYluaxzN3F7iS+8xCW8BmMQ8g==",
      "license": "MIT",
      "engines": {
        "node": ">=18"
      },
      "peerDependencies": {
        "zod": "^3.21.4"
      }
    }
  }
}
